// !$*UTF8*$!
{
	archiveVersion = 1;
	classes = {
	};
	objectVersion = 46;
	objects = {

/* Begin PBXBuildFile section */
		B253A2141D88674400A26210 /* AppDelegate.m in Sources */ = {isa = PBXBuildFile; fileRef = B253A2131D88674400A26210 /* AppDelegate.m */; };
		B253A2171D88674400A26210 /* main.m in Sources */ = {isa = PBXBuildFile; fileRef = B253A2161D88674400A26210 /* main.m */; };
		B253A2191D88674400A26210 /* Assets.xcassets in Resources */ = {isa = PBXBuildFile; fileRef = B253A2181D88674400A26210 /* Assets.xcassets */; };
		B253A21C1D88674400A26210 /* MainMenu.xib in Resources */ = {isa = PBXBuildFile; fileRef = B253A21A1D88674400A26210 /* MainMenu.xib */; };
		B253A2251D8867A400A26210 /* BSBrowserOpener.m in Sources */ = {isa = PBXBuildFile; fileRef = B253A2241D8867A400A26210 /* BSBrowserOpener.m */; };
		B253A2281D88742F00A26210 /* BSBrowserItem.m in Sources */ = {isa = PBXBuildFile; fileRef = B253A2271D88742F00A26210 /* BSBrowserItem.m */; };
/* End PBXBuildFile section */

/* Begin PBXFileReference section */
		B253A20F1D88674400A26210 /* Browser Switcher.app */ = {isa = PBXFileReference; explicitFileType = wrapper.application; includeInIndex = 0; path = "Browser Switcher.app"; sourceTree = BUILT_PRODUCTS_DIR; };
		B253A2121D88674400A26210 /* AppDelegate.h */ = {isa = PBXFileReference; lastKnownFileType = sourcecode.c.h; path = AppDelegate.h; sourceTree = "<group>"; };
		B253A2131D88674400A26210 /* AppDelegate.m */ = {isa = PBXFileReference; lastKnownFileType = sourcecode.c.objc; path = AppDelegate.m; sourceTree = "<group>"; };
		B253A2161D88674400A26210 /* main.m */ = {isa = PBXFileReference; lastKnownFileType = sourcecode.c.objc; path = main.m; sourceTree = "<group>"; };
		B253A2181D88674400A26210 /* Assets.xcassets */ = {isa = PBXFileReference; lastKnownFileType = folder.assetcatalog; path = Assets.xcassets; sourceTree = "<group>"; };
		B253A21B1D88674400A26210 /* Base */ = {isa = PBXFileReference; lastKnownFileType = file.xib; name = Base; path = Base.lproj/MainMenu.xib; sourceTree = "<group>"; };
		B253A21D1D88674400A26210 /* Info.plist */ = {isa = PBXFileReference; lastKnownFileType = text.plist.xml; path = Info.plist; sourceTree = "<group>"; };
		B253A2231D8867A400A26210 /* BSBrowserOpener.h */ = {isa = PBXFileReference; fileEncoding = 4; lastKnownFileType = sourcecode.c.h; path = BSBrowserOpener.h; sourceTree = "<group>"; };
		B253A2241D8867A400A26210 /* BSBrowserOpener.m */ = {isa = PBXFileReference; fileEncoding = 4; lastKnownFileType = sourcecode.c.objc; path = BSBrowserOpener.m; sourceTree = "<group>"; };
		B253A2261D88742F00A26210 /* BSBrowserItem.h */ = {isa = PBXFileReference; fileEncoding = 4; lastKnownFileType = sourcecode.c.h; path = BSBrowserItem.h; sourceTree = "<group>"; };
		B253A2271D88742F00A26210 /* BSBrowserItem.m */ = {isa = PBXFileReference; fileEncoding = 4; lastKnownFileType = sourcecode.c.objc; path = BSBrowserItem.m; sourceTree = "<group>"; };
/* End PBXFileReference section */

/* Begin PBXFrameworksBuildPhase section */
		B253A20C1D88674400A26210 /* Frameworks */ = {
			isa = PBXFrameworksBuildPhase;
			buildActionMask = 2147483647;
			files = (
			);
			runOnlyForDeploymentPostprocessing = 0;
		};
/* End PBXFrameworksBuildPhase section */

/* Begin PBXGroup section */
		B253A2061D88674400A26210 = {
			isa = PBXGroup;
			children = (
				B253A2111D88674400A26210 /* Browser Switcher */,
				B253A2101D88674400A26210 /* Products */,
			);
			sourceTree = "<group>";
		};
		B253A2101D88674400A26210 /* Products */ = {
			isa = PBXGroup;
			children = (
				B253A20F1D88674400A26210 /* Browser Switcher.app */,
			);
			name = Products;
			sourceTree = "<group>";
		};
		B253A2111D88674400A26210 /* Browser Switcher */ = {
			isa = PBXGroup;
			children = (
				B253A2121D88674400A26210 /* AppDelegate.h */,
				B253A2131D88674400A26210 /* AppDelegate.m */,
				B253A2231D8867A400A26210 /* BSBrowserOpener.h */,
				B253A2241D8867A400A26210 /* BSBrowserOpener.m */,
				B253A2181D88674400A26210 /* Assets.xcassets */,
				B253A21A1D88674400A26210 /* MainMenu.xib */,
				B253A21D1D88674400A26210 /* Info.plist */,
				B253A2151D88674400A26210 /* Supporting Files */,
				B253A2261D88742F00A26210 /* BSBrowserItem.h */,
				B253A2271D88742F00A26210 /* BSBrowserItem.m */,
			);
			path = "Browser Switcher";
			sourceTree = "<group>";
		};
		B253A2151D88674400A26210 /* Supporting Files */ = {
			isa = PBXGroup;
			children = (
				B253A2161D88674400A26210 /* main.m */,
			);
			name = "Supporting Files";
			sourceTree = "<group>";
		};
/* End PBXGroup section */

/* Begin PBXNativeTarget section */
		B253A20E1D88674400A26210 /* Browser Switcher */ = {
			isa = PBXNativeTarget;
			buildConfigurationList = B253A2201D88674400A26210 /* Build configuration list for PBXNativeTarget "Browser Switcher" */;
			buildPhases = (
				B253A20B1D88674400A26210 /* Sources */,
				B253A20C1D88674400A26210 /* Frameworks */,
				B253A20D1D88674400A26210 /* Resources */,
			);
			buildRules = (
			);
			dependencies = (
			);
			name = "Browser Switcher";
			productName = "Browser Switcher";
			productReference = B253A20F1D88674400A26210 /* Browser Switcher.app */;
			productType = "com.apple.product-type.application";
		};
/* End PBXNativeTarget section */

/* Begin PBXProject section */
		B253A2071D88674400A26210 /* Project object */ = {
			isa = PBXProject;
			attributes = {
				LastUpgradeCheck = 0730;
				ORGANIZATIONNAME = "Merskip Enterprise";
				TargetAttributes = {
					B253A20E1D88674400A26210 = {
						CreatedOnToolsVersion = 7.3;
					};
				};
			};
			buildConfigurationList = B253A20A1D88674400A26210 /* Build configuration list for PBXProject "Browser Switcher" */;
			compatibilityVersion = "Xcode 3.2";
			developmentRegion = English;
			hasScannedForEncodings = 0;
			knownRegions = (
				en,
				Base,
			);
			mainGroup = B253A2061D88674400A26210;
			productRefGroup = B253A2101D88674400A26210 /* Products */;
			projectDirPath = "";
			projectRoot = "";
			targets = (
				B253A20E1D88674400A26210 /* Browser Switcher */,
			);
		};
/* End PBXProject section */

/* Begin PBXResourcesBuildPhase section */
		B253A20D1D88674400A26210 /* Resources */ = {
			isa = PBXResourcesBuildPhase;
			buildActionMask = 2147483647;
			files = (
				B253A2191D88674400A26210 /* Assets.xcassets in Resources */,
				B253A21C1D88674400A26210 /* MainMenu.xib in Resources */,
			);
			runOnlyForDeploymentPostprocessing = 0;
		};
/* End PBXResourcesBuildPhase section */

/* Begin PBXSourcesBuildPhase section */
		B253A20B1D88674400A26210 /* Sources */ = {
			isa = PBXSourcesBuildPhase;
			buildActionMask = 2147483647;
			files = (
				B253A2171D88674400A26210 /* main.m in Sources */,
				B253A2251D8867A400A26210 /* BSBrowserOpener.m in Sources */,
				B253A2281D88742F00A26210 /* BSBrowserItem.m in Sources */,
				B253A2141D88674400A26210 /* AppDelegate.m in Sources */,
			);
			runOnlyForDeploymentPostprocessing = 0;
		};
/* End PBXSourcesBuildPhase section */

/* Begin PBXVariantGroup section */
		B253A21A1D88674400A26210 /* MainMenu.xib */ = {
			isa = PBXVariantGroup;
			children = (
				B253A21B1D88674400A26210 /* Base */,
			);
			name = MainMenu.xib;
			sourceTree = "<group>";
		};
/* End PBXVariantGroup section */

/* Begin XCBuildConfiguration section */
		B253A21E1D88674400A26210 /* Debug */ = {
			isa = XCBuildConfiguration;
			buildSettings = {
				ALWAYS_SEARCH_USER_PATHS = NO;
				CLANG_ANALYZER_NONNULL = YES;
				CLANG_CXX_LANGUAGE_STANDARD = "gnu++0x";
				CLANG_CXX_LIBRARY = "libc++";
				CLANG_ENABLE_MODULES = YES;
				CLANG_ENABLE_OBJC_ARC = YES;
				CLANG_WARN_BOOL_CONVERSION = YES;
				CLANG_WARN_CONSTANT_CONVERSION = YES;
				CLANG_WARN_DIRECT_OBJC_ISA_USAGE = YES_ERROR;
				CLANG_WARN_EMPTY_BODY = YES;
				CLANG_WARN_ENUM_CONVERSION = YES;
				CLANG_WARN_INT_CONVERSION = YES;
				CLANG_WARN_OBJC_ROOT_CLASS = YES_ERROR;
				CLANG_WARN_UNREACHABLE_CODE = YES;
				CLANG_WARN__DUPLICATE_METHOD_MATCH = YES;
				CODE_SIGN_IDENTITY = "-";
				COPY_PHASE_STRIP = NO;
				DEBUG_INFORMATION_FORMAT = dwarf;
				ENABLE_STRICT_OBJC_MSGSEND = YES;
				ENABLE_TESTABILITY = YES;
				GCC_C_LANGUAGE_STANDARD = gnu99;
				GCC_DYNAMIC_NO_PIC = NO;
				GCC_NO_COMMON_BLOCKS = YES;
				GCC_OPTIMIZATION_LEVEL = 0;
				GCC_PREPROCESSOR_DEFINITIONS = (
					"DEBUG=1",
					"$(inherited)",
				);
				GCC_WARN_64_TO_32_BIT_CONVERSION = YES;
				GCC_WARN_ABOUT_RETURN_TYPE = YES_ERROR;
				GCC_WARN_UNDECLARED_SELECTOR = YES;
				GCC_WARN_UNINITIALIZED_AUTOS = YES_AGGRESSIVE;
				GCC_WARN_UNUSED_FUNCTION = YES;
				GCC_WARN_UNUSED_VARIABLE = YES;
				MACOSX_DEPLOYMENT_TARGET = 10.11;
				MTL_ENABLE_DEBUG_INFO = YES;
				ONLY_ACTIVE_ARCH = YES;
				SDKROOT = macosx;
			};
			name = Debug;
		};
		B253A21F1D88674400A26210 /* Release */ = {
			isa = XCBuildConfiguration;
			buildSettings = {
				ALWAYS_SEARCH_USER_PATHS = NO;
				CLANG_ANALYZER_NONNULL = YES;
				CLANG_CXX_LANGUAGE_STANDARD = "gnu++0x";
				CLANG_CXX_LIBRARY = "libc++";
				CLANG_ENABLE_MODULES = YES;
				CLANG_ENABLE_OBJC_ARC = YES;
				CLANG_WARN_BOOL_CONVERSION = YES;
				CLANG_WARN_CONSTANT_CONVERSION = YES;
				CLANG_WARN_DIRECT_OBJC_ISA_USAGE = YES_ERROR;
				CLANG_WARN_EMPTY_BODY = YES;
				CLANG_WARN_ENUM_CONVERSION = YES;
				CLANG_WARN_INT_CONVERSION = YES;
				CLANG_WARN_OBJC_ROOT_CLASS = YES_ERROR;
				CLANG_WARN_UNREACHABLE_CODE = YES;
				CLANG_WARN__DUPLICATE_METHOD_MATCH = YES;
				CODE_SIGN_IDENTITY = "-";
				COPY_PHASE_STRIP = NO;
				DEBUG_INFORMATION_FORMAT = "dwarf-with-dsym";
				ENABLE_NS_ASSERTIONS = NO;
				ENABLE_STRICT_OBJC_MSGSEND = YES;
				GCC_C_LANGUAGE_STANDARD = gnu99;
				GCC_NO_COMMON_BLOCKS = YES;
				GCC_WARN_64_TO_32_BIT_CONVERSION = YES;
				GCC_WARN_ABOUT_RETURN_TYPE = YES_ERROR;
				GCC_WARN_UNDECLARED_SELECTOR = YES;
				GCC_WARN_UNINITIALIZED_AUTOS = YES_AGGRESSIVE;
				GCC_WARN_UNUSED_FUNCTION = YES;
				GCC_WARN_UNUSED_VARIABLE = YES;
				MACOSX_DEPLOYMENT_TARGET = 10.11;
				MTL_ENABLE_DEBUG_INFO = NO;
				SDKROOT = macosx;
			};
			name = Release;
		};
		B253A2211D88674400A26210 /* Debug */ = {
			isa = XCBuildConfiguration;
			buildSettings = {
				ASSETCATALOG_COMPILER_APPICON_NAME = AppIcon;
				COMBINE_HIDPI_IMAGES = YES;
				INFOPLIST_FILE = "Browser Switcher/Info.plist";
				LD_RUNPATH_SEARCH_PATHS = "$(inherited) @executable_path/../Frameworks";
				PRODUCT_BUNDLE_IDENTIFIER = "pl.merskip.Browser-Switcher";
				PRODUCT_NAME = "$(TARGET_NAME)";
			};
			name = Debug;
		};
		B253A2221D88674400A26210 /* Release */ = {
			isa = XCBuildConfiguration;
			buildSettings = {
				ASSETCATALOG_COMPILER_APPICON_NAME = AppIcon;
				COMBINE_HIDPI_IMAGES = YES;
				INFOPLIST_FILE = "Browser Switcher/Info.plist";
				LD_RUNPATH_SEARCH_PATHS = "$(inherited) @executable_path/../Frameworks";
				PRODUCT_BUNDLE_IDENTIFIER = "pl.merskip.Browser-Switcher";
				PRODUCT_NAME = "$(TARGET_NAME)";
			};
			name = Release;
		};
/* End XCBuildConfiguration section */

/* Begin XCConfigurationList section */
		B253A20A1D88674400A26210 /* Build configuration list for PBXProject "Browser Switcher" */ = {
			isa = XCConfigurationList;
			buildConfigurations = (
				B253A21E1D88674400A26210 /* Debug */,
				B253A21F1D88674400A26210 /* Release */,
			);
			defaultConfigurationIsVisible = 0;
			defaultConfigurationName = Release;
		};
		B253A2201D88674400A26210 /* Build configuration list for PBXNativeTarget "Browser Switcher" */ = {
			isa = XCConfigurationList;
			buildConfigurations = (
				B253A2211D88674400A26210 /* Debug */,
				B253A2221D88674400A26210 /* Release */,
			);
			defaultConfigurationIsVisible = 0;
			defaultConfigurationName = Release;
		};
/* End XCConfigurationList section */
	};
	rootObject = B253A2071D88674400A26210 /* Project object */;
}
